
Microsoft Visual Studio Solution File, Format Version 12.00
# Visual Studio Version 17
VisualStudioVersion = 17.14.36310.24
MinimumVisualStudioVersion = 10.0.40219.1
Project("{FAE04EC0-301F-11D3-BF4B-00C04F79EFBC}") = "URL_Shortener.API", "src\URL_Shortener.API\URL_Shortener.API.csproj", "{8221528C-60B2-740C-6FCA-AE5364C97B64}"
EndProject
Project("{FAE04EC0-301F-11D3-BF4B-00C04F79EFBC}") = "URL_Shortener.Application", "src\URL_Shortener.Application\URL_Shortener.Application.csproj", "{09A026A9-CE64-E530-D28E-059E47534B47}"
EndProject
Project("{FAE04EC0-301F-11D3-BF4B-00C04F79EFBC}") = "URL_Shortener.Domain", "src\URL_Shortener.Domain\URL_Shortener.Domain.csproj", "{BD94E91D-6079-7B40-4EAA-C420D95FA2FD}"
EndProject
Project("{FAE04EC0-301F-11D3-BF4B-00C04F79EFBC}") = "URL_Shortener.Infrastructure", "src\URL_Shortener.Infrastructure\URL_Shortener.Infrastructure.csproj", "{A6CEF8D7-0EBE-DE15-7DA2-A65157F46AD8}"
EndProject
Global
	GlobalSection(SolutionConfigurationPlatforms) = preSolution
		Debug|Any CPU = Debug|Any CPU
		Release|Any CPU = Release|Any CPU
	EndGlobalSection
	GlobalSection(ProjectConfigurationPlatforms) = postSolution
		{8221528C-60B2-740C-6FCA-AE5364C97B64}.Debug|Any CPU.ActiveCfg = Debug|Any CPU
		{8221528C-60B2-740C-6FCA-AE5364C97B64}.Debug|Any CPU.Build.0 = Debug|Any CPU
		{8221528C-60B2-740C-6FCA-AE5364C97B64}.Release|Any CPU.ActiveCfg = Release|Any CPU
		{8221528C-60B2-740C-6FCA-AE5364C97B64}.Release|Any CPU.Build.0 = Release|Any CPU
		{09A026A9-CE64-E530-D28E-059E47534B47}.Debug|Any CPU.ActiveCfg = Debug|Any CPU
		{09A026A9-CE64-E530-D28E-059E47534B47}.Debug|Any CPU.Build.0 = Debug|Any CPU
		{09A026A9-CE64-E530-D28E-059E47534B47}.Release|Any CPU.ActiveCfg = Release|Any CPU
		{09A026A9-CE64-E530-D28E-059E47534B47}.Release|Any CPU.Build.0 = Release|Any CPU
		{BD94E91D-6079-7B40-4EAA-C420D95FA2FD}.Debug|Any CPU.ActiveCfg = Debug|Any CPU
		{BD94E91D-6079-7B40-4EAA-C420D95FA2FD}.Debug|Any CPU.Build.0 = Debug|Any CPU
		{BD94E91D-6079-7B40-4EAA-C420D95FA2FD}.Release|Any CPU.ActiveCfg = Release|Any CPU
		{BD94E91D-6079-7B40-4EAA-C420D95FA2FD}.Release|Any CPU.Build.0 = Release|Any CPU
		{A6CEF8D7-0EBE-DE15-7DA2-A65157F46AD8}.Debug|Any CPU.ActiveCfg = Debug|Any CPU
		{A6CEF8D7-0EBE-DE15-7DA2-A65157F46AD8}.Debug|Any CPU.Build.0 = Debug|Any CPU
		{A6CEF8D7-0EBE-DE15-7DA2-A65157F46AD8}.Release|Any CPU.ActiveCfg = Release|Any CPU
		{A6CEF8D7-0EBE-DE15-7DA2-A65157F46AD8}.Release|Any CPU.Build.0 = Release|Any CPU
	EndGlobalSection
	GlobalSection(SolutionProperties) = preSolution
		HideSolutionNode = FALSE
	EndGlobalSection
	GlobalSection(ExtensibilityGlobals) = postSolution
		SolutionGuid = {19353467-0204-4055-87A2-99E35BDE2ABC}
	EndGlobalSection
EndGlobal
